
Microsoft Visual Studio Solution File, Format Version 12.00
# Visual Studio Version 16
VisualStudioVersion = 16.0.29728.190
MinimumVisualStudioVersion = 10.0.40219.1
Project("{888888A0-9F3D-457C-B088-3A5042F75D52}") = "Udemy - flask", "Udemy - flask.pyproj", "{623258FC-1DB7-4A8C-AABF-2327594CC89C}"
EndProject
Global
	GlobalSection(SolutionConfigurationPlatforms) = preSolution
		Debug|Any CPU = Debug|Any CPU
		Release|Any CPU = Release|Any CPU
	EndGlobalSection
	GlobalSection(ProjectConfigurationPlatforms) = postSolution
		{623258FC-1DB7-4A8C-AABF-2327594CC89C}.Debug|Any CPU.ActiveCfg = Debug|Any CPU
		{623258FC-1DB7-4A8C-AABF-2327594CC89C}.Debug|Any CPU.Build.0 = Debug|Any CPU
		{623258FC-1DB7-4A8C-AABF-2327594CC89C}.Release|Any CPU.ActiveCfg = Release|Any CPU
		{623258FC-1DB7-4A8C-AABF-2327594CC89C}.Release|Any CPU.Build.0 = Release|Any CPU
	EndGlobalSection
	GlobalSection(SolutionProperties) = preSolution
		HideSolutionNode = FALSE
	EndGlobalSection
	GlobalSection(ExtensibilityGlobals) = postSolution
		SolutionGuid = {1D65FA0B-2B67-4F7B-842C-5644BC713DAF}
	EndGlobalSection
EndGlobal
